
Microsoft Visual Studio Solution File, Format Version 12.00
# Visual Studio 15
VisualStudioVersion = 15.0.27703.2042
MinimumVisualStudioVersion = 10.0.40219.1
Project("{FAE04EC0-301F-11D3-BF4B-00C04F79EFBC}") = "AzureB2CSample", "AzureB2CSample\AzureB2CSample.csproj", "{E8567B49-5394-42D7-8A45-940C2A216560}"
EndProject
Global
	GlobalSection(SolutionConfigurationPlatforms) = preSolution
		Debug|Any CPU = Debug|Any CPU
		Release|Any CPU = Release|Any CPU
	EndGlobalSection
	GlobalSection(ProjectConfigurationPlatforms) = postSolution
		{E8567B49-5394-42D7-8A45-940C2A216560}.Debug|Any CPU.ActiveCfg = Debug|Any CPU
		{E8567B49-5394-42D7-8A45-940C2A216560}.Debug|Any CPU.Build.0 = Debug|Any CPU
		{E8567B49-5394-42D7-8A45-940C2A216560}.Release|Any CPU.ActiveCfg = Release|Any CPU
		{E8567B49-5394-42D7-8A45-940C2A216560}.Release|Any CPU.Build.0 = Release|Any CPU
	EndGlobalSection
	GlobalSection(SolutionProperties) = preSolution
		HideSolutionNode = FALSE
	EndGlobalSection
	GlobalSection(ExtensibilityGlobals) = postSolution
		SolutionGuid = {1BB3FB7A-0116-488D-9D8E-A35BCA293468}
	EndGlobalSection
EndGlobal
